
Microsoft Visual Studio Solution File, Format Version 12.00
# Visual Studio Version 17
VisualStudioVersion = 17.13.35806.99 d17.13
MinimumVisualStudioVersion = 10.0.40219.1
Project("{FAE04EC0-301F-11D3-BF4B-00C04F79EFBC}") = "GestaoProdutos", "GestaoProdutos\GestaoProdutos.csproj", "{E31D665A-3728-4B7E-8060-EC8E9E758ABF}"
EndProject
Project("{FAE04EC0-301F-11D3-BF4B-00C04F79EFBC}") = "CoreBusines", "CoreBusines\CoreBusines.csproj", "{411D9D95-FBB0-4BC2-ADF9-BC2EAFDA2C52}"
EndProject
Global
	GlobalSection(SolutionConfigurationPlatforms) = preSolution
		Debug|Any CPU = Debug|Any CPU
		Release|Any CPU = Release|Any CPU
	EndGlobalSection
	GlobalSection(ProjectConfigurationPlatforms) = postSolution
		{E31D665A-3728-4B7E-8060-EC8E9E758ABF}.Debug|Any CPU.ActiveCfg = Debug|Any CPU
		{E31D665A-3728-4B7E-8060-EC8E9E758ABF}.Debug|Any CPU.Build.0 = Debug|Any CPU
		{E31D665A-3728-4B7E-8060-EC8E9E758ABF}.Release|Any CPU.ActiveCfg = Release|Any CPU
		{E31D665A-3728-4B7E-8060-EC8E9E758ABF}.Release|Any CPU.Build.0 = Release|Any CPU
		{411D9D95-FBB0-4BC2-ADF9-BC2EAFDA2C52}.Debug|Any CPU.ActiveCfg = Debug|Any CPU
		{411D9D95-FBB0-4BC2-ADF9-BC2EAFDA2C52}.Debug|Any CPU.Build.0 = Debug|Any CPU
		{411D9D95-FBB0-4BC2-ADF9-BC2EAFDA2C52}.Release|Any CPU.ActiveCfg = Release|Any CPU
		{411D9D95-FBB0-4BC2-ADF9-BC2EAFDA2C52}.Release|Any CPU.Build.0 = Release|Any CPU
	EndGlobalSection
	GlobalSection(SolutionProperties) = preSolution
		HideSolutionNode = FALSE
	EndGlobalSection
	GlobalSection(ExtensibilityGlobals) = postSolution
		SolutionGuid = {3C0BB879-9DC5-4E23-8BEB-37FF354CA719}
	EndGlobalSection
EndGlobal
